// !$*UTF8*$!
{
	archiveVersion = 1;
	classes = {
	};
	objectVersion = 50;
	objects = {

/* Begin PBXBuildFile section */
		3771322B62D2D09CE47460A2 /* Pods_Paydown_Calculator.framework in Frameworks */ = {isa = PBXBuildFile; fileRef = CAD037EDD1B01467712290B2 /* Pods_Paydown_Calculator.framework */; };
		AA103FAC214AD12B002EFDAF /* AppDelegate.swift in Sources */ = {isa = PBXBuildFile; fileRef = AA103FAB214AD12B002EFDAF /* AppDelegate.swift */; };
		AA103FAE214AD12C002EFDAF /* ViewController.swift in Sources */ = {isa = PBXBuildFile; fileRef = AA103FAD214AD12C002EFDAF /* ViewController.swift */; };
		AA103FB1214AD12C002EFDAF /* Main.storyboard in Resources */ = {isa = PBXBuildFile; fileRef = AA103FAF214AD12C002EFDAF /* Main.storyboard */; };
		AA103FB3214AD12D002EFDAF /* Assets.xcassets in Resources */ = {isa = PBXBuildFile; fileRef = AA103FB2214AD12D002EFDAF /* Assets.xcassets */; };
		AA103FB6214AD12D002EFDAF /* LaunchScreen.storyboard in Resources */ = {isa = PBXBuildFile; fileRef = AA103FB4214AD12D002EFDAF /* LaunchScreen.storyboard */; };
		AA103FC2214BC45E002EFDAF /* ScaleView.swift in Sources */ = {isa = PBXBuildFile; fileRef = AA103FC1214BC45E002EFDAF /* ScaleView.swift */; };
		AA1ACCB52158ECF6003B8975 /* RepaymentAmount.swift in Sources */ = {isa = PBXBuildFile; fileRef = AA1ACCB42158ECF6003B8975 /* RepaymentAmount.swift */; };
		AA2D5664214FBA8E006A2407 /* MinPayCalculator.swift in Sources */ = {isa = PBXBuildFile; fileRef = AA2D5663214FBA8E006A2407 /* MinPayCalculator.swift */; };
		AA4442072157E8AD00781D83 /* MinPayFormulaViewController.swift in Sources */ = {isa = PBXBuildFile; fileRef = AA4442062157E8AD00781D83 /* MinPayFormulaViewController.swift */; };
		AA4442092157E94900781D83 /* MainApp.storyboard in Resources */ = {isa = PBXBuildFile; fileRef = AA4442082157E94900781D83 /* MainApp.storyboard */; };
		AA44420B2157EB7000781D83 /* TestViewController.swift in Sources */ = {isa = PBXBuildFile; fileRef = AA44420A2157EB7000781D83 /* TestViewController.swift */; };
		AA8A28B1215B6A5F00BECEE0 /* TestViewController2ViewController.swift in Sources */ = {isa = PBXBuildFile; fileRef = AA8A28B0215B6A5F00BECEE0 /* TestViewController2ViewController.swift */; };
		AA8A28B3215BA52700BECEE0 /* FixedAmountCalculator.swift in Sources */ = {isa = PBXBuildFile; fileRef = AA8A28B2215BA52700BECEE0 /* FixedAmountCalculator.swift */; };
		AAC14550215376BF00A6417B /* WelcomeScreenViewController.swift in Sources */ = {isa = PBXBuildFile; fileRef = AAC1454F215376BF00A6417B /* WelcomeScreenViewController.swift */; };
		AAC14552215388DB00A6417B /* CustomNavigationController.swift in Sources */ = {isa = PBXBuildFile; fileRef = AAC14551215388DB00A6417B /* CustomNavigationController.swift */; };
		AAE672202150CDBC00C7EAD2 /* BalanceScreenControllerViewController.swift in Sources */ = {isa = PBXBuildFile; fileRef = AAE6721F2150CDBC00C7EAD2 /* BalanceScreenControllerViewController.swift */; };
		AAE672222150D2A000C7EAD2 /* CurrencyField.swift in Sources */ = {isa = PBXBuildFile; fileRef = AAE672212150D2A000C7EAD2 /* CurrencyField.swift */; };
		AAE672262150FCEF00C7EAD2 /* APRScreenViewController.swift in Sources */ = {isa = PBXBuildFile; fileRef = AAE672252150FCEF00C7EAD2 /* APRScreenViewController.swift */; };
/* End PBXBuildFile section */

/* Begin PBXFileReference section */
		3ABA202D03D156A2724D01E3 /* Pods-Paydown Calculator.release.xcconfig */ = {isa = PBXFileReference; includeInIndex = 1; lastKnownFileType = text.xcconfig; name = "Pods-Paydown Calculator.release.xcconfig"; path = "Pods/Target Support Files/Pods-Paydown Calculator/Pods-Paydown Calculator.release.xcconfig"; sourceTree = "<group>"; };
		AA103FA8214AD12B002EFDAF /* Paydown Calculator.app */ = {isa = PBXFileReference; explicitFileType = wrapper.application; includeInIndex = 0; path = "Paydown Calculator.app"; sourceTree = BUILT_PRODUCTS_DIR; };
		AA103FAB214AD12B002EFDAF /* AppDelegate.swift */ = {isa = PBXFileReference; lastKnownFileType = sourcecode.swift; path = AppDelegate.swift; sourceTree = "<group>"; };
		AA103FAD214AD12C002EFDAF /* ViewController.swift */ = {isa = PBXFileReference; lastKnownFileType = sourcecode.swift; path = ViewController.swift; sourceTree = "<group>"; };
		AA103FB0214AD12C002EFDAF /* Base */ = {isa = PBXFileReference; lastKnownFileType = file.storyboard; name = Base; path = Base.lproj/Main.storyboard; sourceTree = "<group>"; };
		AA103FB2214AD12D002EFDAF /* Assets.xcassets */ = {isa = PBXFileReference; lastKnownFileType = folder.assetcatalog; path = Assets.xcassets; sourceTree = "<group>"; };
		AA103FB5214AD12D002EFDAF /* Base */ = {isa = PBXFileReference; lastKnownFileType = file.storyboard; name = Base; path = Base.lproj/LaunchScreen.storyboard; sourceTree = "<group>"; };
		AA103FB7214AD12D002EFDAF /* Info.plist */ = {isa = PBXFileReference; lastKnownFileType = text.plist.xml; path = Info.plist; sourceTree = "<group>"; };
		AA103FC1214BC45E002EFDAF /* ScaleView.swift */ = {isa = PBXFileReference; lastKnownFileType = sourcecode.swift; path = ScaleView.swift; sourceTree = "<group>"; };
		AA1ACCB42158ECF6003B8975 /* RepaymentAmount.swift */ = {isa = PBXFileReference; lastKnownFileType = sourcecode.swift; path = RepaymentAmount.swift; sourceTree = "<group>"; };
		AA2D5663214FBA8E006A2407 /* MinPayCalculator.swift */ = {isa = PBXFileReference; lastKnownFileType = sourcecode.swift; path = MinPayCalculator.swift; sourceTree = "<group>"; };
		AA4442062157E8AD00781D83 /* MinPayFormulaViewController.swift */ = {isa = PBXFileReference; lastKnownFileType = sourcecode.swift; path = MinPayFormulaViewController.swift; sourceTree = "<group>"; };
		AA4442082157E94900781D83 /* MainApp.storyboard */ = {isa = PBXFileReference; lastKnownFileType = file.storyboard; path = MainApp.storyboard; sourceTree = "<group>"; };
		AA44420A2157EB7000781D83 /* TestViewController.swift */ = {isa = PBXFileReference; lastKnownFileType = sourcecode.swift; path = TestViewController.swift; sourceTree = "<group>"; };
		AA8A28B0215B6A5F00BECEE0 /* TestViewController2ViewController.swift */ = {isa = PBXFileReference; lastKnownFileType = sourcecode.swift; path = TestViewController2ViewController.swift; sourceTree = "<group>"; };
		AA8A28B2215BA52700BECEE0 /* FixedAmountCalculator.swift */ = {isa = PBXFileReference; lastKnownFileType = sourcecode.swift; path = FixedAmountCalculator.swift; sourceTree = "<group>"; };
		AAC1454F215376BF00A6417B /* WelcomeScreenViewController.swift */ = {isa = PBXFileReference; lastKnownFileType = sourcecode.swift; name = WelcomeScreenViewController.swift; path = "Paydown Calculator/Controller/WelcomeScreenViewController.swift"; sourceTree = SOURCE_ROOT; };
		AAC14551215388DB00A6417B /* CustomNavigationController.swift */ = {isa = PBXFileReference; lastKnownFileType = sourcecode.swift; name = CustomNavigationController.swift; path = "Paydown Calculator/Controller/CustomNavigationController.swift"; sourceTree = SOURCE_ROOT; };
		AAE6721F2150CDBC00C7EAD2 /* BalanceScreenControllerViewController.swift */ = {isa = PBXFileReference; lastKnownFileType = sourcecode.swift; path = BalanceScreenControllerViewController.swift; sourceTree = "<group>"; };
		AAE672212150D2A000C7EAD2 /* CurrencyField.swift */ = {isa = PBXFileReference; lastKnownFileType = sourcecode.swift; path = CurrencyField.swift; sourceTree = "<group>"; };
		AAE672252150FCEF00C7EAD2 /* APRScreenViewController.swift */ = {isa = PBXFileReference; lastKnownFileType = sourcecode.swift; path = APRScreenViewController.swift; sourceTree = "<group>"; };
		CAD037EDD1B01467712290B2 /* Pods_Paydown_Calculator.framework */ = {isa = PBXFileReference; explicitFileType = wrapper.framework; includeInIndex = 0; path = Pods_Paydown_Calculator.framework; sourceTree = BUILT_PRODUCTS_DIR; };
		ED6DEA324DAE4B1CE204EA5A /* Pods-Paydown Calculator.debug.xcconfig */ = {isa = PBXFileReference; includeInIndex = 1; lastKnownFileType = text.xcconfig; name = "Pods-Paydown Calculator.debug.xcconfig"; path = "Pods/Target Support Files/Pods-Paydown Calculator/Pods-Paydown Calculator.debug.xcconfig"; sourceTree = "<group>"; };
/* End PBXFileReference section */

/* Begin PBXFrameworksBuildPhase section */
		AA103FA5214AD12B002EFDAF /* Frameworks */ = {
			isa = PBXFrameworksBuildPhase;
			buildActionMask = 2147483647;
			files = (
				3771322B62D2D09CE47460A2 /* Pods_Paydown_Calculator.framework in Frameworks */,
			);
			runOnlyForDeploymentPostprocessing = 0;
		};
/* End PBXFrameworksBuildPhase section */

/* Begin PBXGroup section */
		46303FD96A913F8E54C0B487 /* Pods */ = {
			isa = PBXGroup;
			children = (
				ED6DEA324DAE4B1CE204EA5A /* Pods-Paydown Calculator.debug.xcconfig */,
				3ABA202D03D156A2724D01E3 /* Pods-Paydown Calculator.release.xcconfig */,
			);
			name = Pods;
			sourceTree = "<group>";
		};
		8335FDE1D2FEB1E624D3B24E /* Frameworks */ = {
			isa = PBXGroup;
			children = (
				CAD037EDD1B01467712290B2 /* Pods_Paydown_Calculator.framework */,
			);
			name = Frameworks;
			sourceTree = "<group>";
		};
		AA103F9F214AD12B002EFDAF = {
			isa = PBXGroup;
			children = (
				AA103FAA214AD12B002EFDAF /* Paydown Calculator */,
				AA103FA9214AD12B002EFDAF /* Products */,
				46303FD96A913F8E54C0B487 /* Pods */,
				8335FDE1D2FEB1E624D3B24E /* Frameworks */,
			);
			sourceTree = "<group>";
		};
		AA103FA9214AD12B002EFDAF /* Products */ = {
			isa = PBXGroup;
			children = (
				AA103FA8214AD12B002EFDAF /* Paydown Calculator.app */,
			);
			name = Products;
			sourceTree = "<group>";
		};
		AA103FAA214AD12B002EFDAF /* Paydown Calculator */ = {
			isa = PBXGroup;
			children = (
				AA103FB7214AD12D002EFDAF /* Info.plist */,
				AA103FC3214BC488002EFDAF /* Model */,
				AA103FC4214BC48F002EFDAF /* View */,
				AA103FC5214BC497002EFDAF /* Controller */,
				AA103FC6214BC4B3002EFDAF /* Other */,
			);
			path = "Paydown Calculator";
			sourceTree = "<group>";
		};
		AA103FC3214BC488002EFDAF /* Model */ = {
			isa = PBXGroup;
			children = (
				AA1ACCB42158ECF6003B8975 /* RepaymentAmount.swift */,
				AAE672212150D2A000C7EAD2 /* CurrencyField.swift */,
			);
			path = Model;
			sourceTree = "<group>";
		};
		AA103FC4214BC48F002EFDAF /* View */ = {
			isa = PBXGroup;
			children = (
				AA103FAF214AD12C002EFDAF /* Main.storyboard */,
				AA4442082157E94900781D83 /* MainApp.storyboard */,
				AA103FC1214BC45E002EFDAF /* ScaleView.swift */,
				AA103FB4214AD12D002EFDAF /* LaunchScreen.storyboard */,
			);
			path = View;
			sourceTree = "<group>";
		};
		AA103FC5214BC497002EFDAF /* Controller */ = {
			isa = PBXGroup;
			children = (
				AA8A28B0215B6A5F00BECEE0 /* TestViewController2ViewController.swift */,
				AA44420A2157EB7000781D83 /* TestViewController.swift */,
				AA103FAB214AD12B002EFDAF /* AppDelegate.swift */,
				AA103FAD214AD12C002EFDAF /* ViewController.swift */,
				AA2D5663214FBA8E006A2407 /* MinPayCalculator.swift */,
				AA8A28B2215BA52700BECEE0 /* FixedAmountCalculator.swift */,
				AAE6721F2150CDBC00C7EAD2 /* BalanceScreenControllerViewController.swift */,
				AA4442062157E8AD00781D83 /* MinPayFormulaViewController.swift */,
				AAC1454F215376BF00A6417B /* WelcomeScreenViewController.swift */,
				AAE672252150FCEF00C7EAD2 /* APRScreenViewController.swift */,
				AAC14551215388DB00A6417B /* CustomNavigationController.swift */,
			);
			path = Controller;
			sourceTree = "<group>";
		};
		AA103FC6214BC4B3002EFDAF /* Other */ = {
			isa = PBXGroup;
			children = (
				AA103FB2214AD12D002EFDAF /* Assets.xcassets */,
			);
			path = Other;
			sourceTree = "<group>";
		};
/* End PBXGroup section */

/* Begin PBXNativeTarget section */
		AA103FA7214AD12B002EFDAF /* Paydown Calculator */ = {
			isa = PBXNativeTarget;
			buildConfigurationList = AA103FBA214AD12D002EFDAF /* Build configuration list for PBXNativeTarget "Paydown Calculator" */;
			buildPhases = (
				E484748566CFB6767C723D4A /* [CP] Check Pods Manifest.lock */,
				AA103FA4214AD12B002EFDAF /* Sources */,
				AA103FA5214AD12B002EFDAF /* Frameworks */,
				AA103FA6214AD12B002EFDAF /* Resources */,
				72D4D3ED6329FEBE21938AD7 /* [CP] Embed Pods Frameworks */,
			);
			buildRules = (
			);
			dependencies = (
			);
			name = "Paydown Calculator";
			productName = "Paydown Calculator";
			productReference = AA103FA8214AD12B002EFDAF /* Paydown Calculator.app */;
			productType = "com.apple.product-type.application";
		};
/* End PBXNativeTarget section */

/* Begin PBXProject section */
		AA103FA0214AD12B002EFDAF /* Project object */ = {
			isa = PBXProject;
			attributes = {
				LastSwiftUpdateCheck = 0940;
				LastUpgradeCheck = 0940;
				ORGANIZATIONNAME = "Timothy Platt";
				TargetAttributes = {
					AA103FA7214AD12B002EFDAF = {
						CreatedOnToolsVersion = 9.4.1;
						LastSwiftMigration = 1000;
					};
				};
			};
			buildConfigurationList = AA103FA3214AD12B002EFDAF /* Build configuration list for PBXProject "Paydown Calculator" */;
			compatibilityVersion = "Xcode 9.3";
			developmentRegion = en;
			hasScannedForEncodings = 0;
			knownRegions = (
				en,
				Base,
			);
			mainGroup = AA103F9F214AD12B002EFDAF;
			productRefGroup = AA103FA9214AD12B002EFDAF /* Products */;
			projectDirPath = "";
			projectRoot = "";
			targets = (
				AA103FA7214AD12B002EFDAF /* Paydown Calculator */,
			);
		};
/* End PBXProject section */

/* Begin PBXResourcesBuildPhase section */
		AA103FA6214AD12B002EFDAF /* Resources */ = {
			isa = PBXResourcesBuildPhase;
			buildActionMask = 2147483647;
			files = (
				AA103FB6214AD12D002EFDAF /* LaunchScreen.storyboard in Resources */,
				AA103FB3214AD12D002EFDAF /* Assets.xcassets in Resources */,
				AA103FB1214AD12C002EFDAF /* Main.storyboard in Resources */,
				AA4442092157E94900781D83 /* MainApp.storyboard in Resources */,
			);
			runOnlyForDeploymentPostprocessing = 0;
		};
/* End PBXResourcesBuildPhase section */

/* Begin PBXShellScriptBuildPhase section */
		72D4D3ED6329FEBE21938AD7 /* [CP] Embed Pods Frameworks */ = {
			isa = PBXShellScriptBuildPhase;
			buildActionMask = 2147483647;
			files = (
			);
			inputPaths = (
				"${SRCROOT}/Pods/Target Support Files/Pods-Paydown Calculator/Pods-Paydown Calculator-frameworks.sh",
				"${BUILT_PRODUCTS_DIR}/Charts/Charts.framework",
				"${BUILT_PRODUCTS_DIR}/UICircularProgressRing/UICircularProgressRing.framework",
			);
			name = "[CP] Embed Pods Frameworks";
			outputPaths = (
				"${TARGET_BUILD_DIR}/${FRAMEWORKS_FOLDER_PATH}/Charts.framework",
				"${TARGET_BUILD_DIR}/${FRAMEWORKS_FOLDER_PATH}/UICircularProgressRing.framework",
			);
			runOnlyForDeploymentPostprocessing = 0;
			shellPath = /bin/sh;
			shellScript = "\"${SRCROOT}/Pods/Target Support Files/Pods-Paydown Calculator/Pods-Paydown Calculator-frameworks.sh\"\n";
			showEnvVarsInLog = 0;
		};
		E484748566CFB6767C723D4A /* [CP] Check Pods Manifest.lock */ = {
			isa = PBXShellScriptBuildPhase;
			buildActionMask = 2147483647;
			files = (
			);
			inputPaths = (
				"${PODS_PODFILE_DIR_PATH}/Podfile.lock",
				"${PODS_ROOT}/Manifest.lock",
			);
			name = "[CP] Check Pods Manifest.lock";
			outputPaths = (
				"$(DERIVED_FILE_DIR)/Pods-Paydown Calculator-checkManifestLockResult.txt",
			);
			runOnlyForDeploymentPostprocessing = 0;
			shellPath = /bin/sh;
			shellScript = "diff \"${PODS_PODFILE_DIR_PATH}/Podfile.lock\" \"${PODS_ROOT}/Manifest.lock\" > /dev/null\nif [ $? != 0 ] ; then\n    # print error to STDERR\n    echo \"error: The sandbox is not in sync with the Podfile.lock. Run 'pod install' or update your CocoaPods installation.\" >&2\n    exit 1\nfi\n# This output is used by Xcode 'outputs' to avoid re-running this script phase.\necho \"SUCCESS\" > \"${SCRIPT_OUTPUT_FILE_0}\"\n";
			showEnvVarsInLog = 0;
		};
/* End PBXShellScriptBuildPhase section */

/* Begin PBXSourcesBuildPhase section */
		AA103FA4214AD12B002EFDAF /* Sources */ = {
			isa = PBXSourcesBuildPhase;
			buildActionMask = 2147483647;
			files = (
				AA8A28B3215BA52700BECEE0 /* FixedAmountCalculator.swift in Sources */,
				AAE672202150CDBC00C7EAD2 /* BalanceScreenControllerViewController.swift in Sources */,
				AA1ACCB52158ECF6003B8975 /* RepaymentAmount.swift in Sources */,
				AA103FC2214BC45E002EFDAF /* ScaleView.swift in Sources */,
				AA44420B2157EB7000781D83 /* TestViewController.swift in Sources */,
				AAE672262150FCEF00C7EAD2 /* APRScreenViewController.swift in Sources */,
				AA4442072157E8AD00781D83 /* MinPayFormulaViewController.swift in Sources */,
				AA2D5664214FBA8E006A2407 /* MinPayCalculator.swift in Sources */,
				AAC14550215376BF00A6417B /* WelcomeScreenViewController.swift in Sources */,
				AAC14552215388DB00A6417B /* CustomNavigationController.swift in Sources */,
				AAE672222150D2A000C7EAD2 /* CurrencyField.swift in Sources */,
				AA103FAE214AD12C002EFDAF /* ViewController.swift in Sources */,
				AA8A28B1215B6A5F00BECEE0 /* TestViewController2ViewController.swift in Sources */,
				AA103FAC214AD12B002EFDAF /* AppDelegate.swift in Sources */,
			);
			runOnlyForDeploymentPostprocessing = 0;
		};
/* End PBXSourcesBuildPhase section */

/* Begin PBXVariantGroup section */
		AA103FAF214AD12C002EFDAF /* Main.storyboard */ = {
			isa = PBXVariantGroup;
			children = (
				AA103FB0214AD12C002EFDAF /* Base */,
			);
			name = Main.storyboard;
			sourceTree = "<group>";
		};
		AA103FB4214AD12D002EFDAF /* LaunchScreen.storyboard */ = {
			isa = PBXVariantGroup;
			children = (
				AA103FB5214AD12D002EFDAF /* Base */,
			);
			name = LaunchScreen.storyboard;
			sourceTree = "<group>";
		};
/* End PBXVariantGroup section */

/* Begin XCBuildConfiguration section */
		AA103FB8214AD12D002EFDAF /* Debug */ = {
			isa = XCBuildConfiguration;
			buildSettings = {
				ALWAYS_SEARCH_USER_PATHS = NO;
				CLANG_ANALYZER_NONNULL = YES;
				CLANG_ANALYZER_NUMBER_OBJECT_CONVERSION = YES_AGGRESSIVE;
				CLANG_CXX_LANGUAGE_STANDARD = "gnu++14";
				CLANG_CXX_LIBRARY = "libc++";
				CLANG_ENABLE_MODULES = YES;
				CLANG_ENABLE_OBJC_ARC = YES;
				CLANG_ENABLE_OBJC_WEAK = YES;
				CLANG_WARN_BLOCK_CAPTURE_AUTORELEASING = YES;
				CLANG_WARN_BOOL_CONVERSION = YES;
				CLANG_WARN_COMMA = YES;
				CLANG_WARN_CONSTANT_CONVERSION = YES;
				CLANG_WARN_DEPRECATED_OBJC_IMPLEMENTATIONS = YES;
				CLANG_WARN_DIRECT_OBJC_ISA_USAGE = YES_ERROR;
				CLANG_WARN_DOCUMENTATION_COMMENTS = YES;
				CLANG_WARN_EMPTY_BODY = YES;
				CLANG_WARN_ENUM_CONVERSION = YES;
				CLANG_WARN_INFINITE_RECURSION = YES;
				CLANG_WARN_INT_CONVERSION = YES;
				CLANG_WARN_NON_LITERAL_NULL_CONVERSION = YES;
				CLANG_WARN_OBJC_IMPLICIT_RETAIN_SELF = YES;
				CLANG_WARN_OBJC_LITERAL_CONVERSION = YES;
				CLANG_WARN_OBJC_ROOT_CLASS = YES_ERROR;
				CLANG_WARN_RANGE_LOOP_ANALYSIS = YES;
				CLANG_WARN_STRICT_PROTOTYPES = YES;
				CLANG_WARN_SUSPICIOUS_MOVE = YES;
				CLANG_WARN_UNGUARDED_AVAILABILITY = YES_AGGRESSIVE;
				CLANG_WARN_UNREACHABLE_CODE = YES;
				CLANG_WARN__DUPLICATE_METHOD_MATCH = YES;
				CODE_SIGN_IDENTITY = "iPhone Developer";
				COPY_PHASE_STRIP = NO;
				DEBUG_INFORMATION_FORMAT = dwarf;
				ENABLE_STRICT_OBJC_MSGSEND = YES;
				ENABLE_TESTABILITY = YES;
				GCC_C_LANGUAGE_STANDARD = gnu11;
				GCC_DYNAMIC_NO_PIC = NO;
				GCC_NO_COMMON_BLOCKS = YES;
				GCC_OPTIMIZATION_LEVEL = 0;
				GCC_PREPROCESSOR_DEFINITIONS = (
					"DEBUG=1",
					"$(inherited)",
				);
				GCC_WARN_64_TO_32_BIT_CONVERSION = YES;
				GCC_WARN_ABOUT_RETURN_TYPE = YES_ERROR;
				GCC_WARN_UNDECLARED_SELECTOR = YES;
				GCC_WARN_UNINITIALIZED_AUTOS = YES_AGGRESSIVE;
				GCC_WARN_UNUSED_FUNCTION = YES;
				GCC_WARN_UNUSED_VARIABLE = YES;
				IPHONEOS_DEPLOYMENT_TARGET = 11.4;
				MTL_ENABLE_DEBUG_INFO = YES;
				ONLY_ACTIVE_ARCH = YES;
				SDKROOT = iphoneos;
				SWIFT_ACTIVE_COMPILATION_CONDITIONS = DEBUG;
				SWIFT_OPTIMIZATION_LEVEL = "-Onone";
			};
			name = Debug;
		};
		AA103FB9214AD12D002EFDAF /* Release */ = {
			isa = XCBuildConfiguration;
			buildSettings = {
				ALWAYS_SEARCH_USER_PATHS = NO;
				CLANG_ANALYZER_NONNULL = YES;
				CLANG_ANALYZER_NUMBER_OBJECT_CONVERSION = YES_AGGRESSIVE;
				CLANG_CXX_LANGUAGE_STANDARD = "gnu++14";
				CLANG_CXX_LIBRARY = "libc++";
				CLANG_ENABLE_MODULES = YES;
				CLANG_ENABLE_OBJC_ARC = YES;
				CLANG_ENABLE_OBJC_WEAK = YES;
				CLANG_WARN_BLOCK_CAPTURE_AUTORELEASING = YES;
				CLANG_WARN_BOOL_CONVERSION = YES;
				CLANG_WARN_COMMA = YES;
				CLANG_WARN_CONSTANT_CONVERSION = YES;
				CLANG_WARN_DEPRECATED_OBJC_IMPLEMENTATIONS = YES;
				CLANG_WARN_DIRECT_OBJC_ISA_USAGE = YES_ERROR;
				CLANG_WARN_DOCUMENTATION_COMMENTS = YES;
				CLANG_WARN_EMPTY_BODY = YES;
				CLANG_WARN_ENUM_CONVERSION = YES;
				CLANG_WARN_INFINITE_RECURSION = YES;
				CLANG_WARN_INT_CONVERSION = YES;
				CLANG_WARN_NON_LITERAL_NULL_CONVERSION = YES;
				CLANG_WARN_OBJC_IMPLICIT_RETAIN_SELF = YES;
				CLANG_WARN_OBJC_LITERAL_CONVERSION = YES;
				CLANG_WARN_OBJC_ROOT_CLASS = YES_ERROR;
				CLANG_WARN_RANGE_LOOP_ANALYSIS = YES;
				CLANG_WARN_STRICT_PROTOTYPES = YES;
				CLANG_WARN_SUSPICIOUS_MOVE = YES;
				CLANG_WARN_UNGUARDED_AVAILABILITY = YES_AGGRESSIVE;
				CLANG_WARN_UNREACHABLE_CODE = YES;
				CLANG_WARN__DUPLICATE_METHOD_MATCH = YES;
				CODE_SIGN_IDENTITY = "iPhone Developer";
				COPY_PHASE_STRIP = NO;
				DEBUG_INFORMATION_FORMAT = "dwarf-with-dsym";
				ENABLE_NS_ASSERTIONS = NO;
				ENABLE_STRICT_OBJC_MSGSEND = YES;
				GCC_C_LANGUAGE_STANDARD = gnu11;
				GCC_NO_COMMON_BLOCKS = YES;
				GCC_WARN_64_TO_32_BIT_CONVERSION = YES;
				GCC_WARN_ABOUT_RETURN_TYPE = YES_ERROR;
				GCC_WARN_UNDECLARED_SELECTOR = YES;
				GCC_WARN_UNINITIALIZED_AUTOS = YES_AGGRESSIVE;
				GCC_WARN_UNUSED_FUNCTION = YES;
				GCC_WARN_UNUSED_VARIABLE = YES;
				IPHONEOS_DEPLOYMENT_TARGET = 11.4;
				MTL_ENABLE_DEBUG_INFO = NO;
				SDKROOT = iphoneos;
				SWIFT_COMPILATION_MODE = wholemodule;
				SWIFT_OPTIMIZATION_LEVEL = "-O";
				VALIDATE_PRODUCT = YES;
			};
			name = Release;
		};
		AA103FBB214AD12D002EFDAF /* Debug */ = {
			isa = XCBuildConfiguration;
			baseConfigurationReference = ED6DEA324DAE4B1CE204EA5A /* Pods-Paydown Calculator.debug.xcconfig */;
			buildSettings = {
				ASSETCATALOG_COMPILER_APPICON_NAME = AppIcon;
				CODE_SIGN_STYLE = Automatic;
				DEVELOPMENT_TEAM = F8VCL93DYP;
				INFOPLIST_FILE = "Paydown Calculator/Info.plist";
				LD_RUNPATH_SEARCH_PATHS = (
					"$(inherited)",
					"@executable_path/Frameworks",
				);
				PRODUCT_BUNDLE_IDENTIFIER = "com.timothyplatt.Paydown-Calculator";
				PRODUCT_NAME = "$(TARGET_NAME)";
				SWIFT_VERSION = 4.2;
				TARGETED_DEVICE_FAMILY = "1,2";
			};
			name = Debug;
		};
		AA103FBC214AD12D002EFDAF /* Release */ = {
			isa = XCBuildConfiguration;
			baseConfigurationReference = 3ABA202D03D156A2724D01E3 /* Pods-Paydown Calculator.release.xcconfig */;
			buildSettings = {
				ASSETCATALOG_COMPILER_APPICON_NAME = AppIcon;
				CODE_SIGN_STYLE = Automatic;
				DEVELOPMENT_TEAM = F8VCL93DYP;
				INFOPLIST_FILE = "Paydown Calculator/Info.plist";
				LD_RUNPATH_SEARCH_PATHS = (
					"$(inherited)",
					"@executable_path/Frameworks",
				);
				PRODUCT_BUNDLE_IDENTIFIER = "com.timothyplatt.Paydown-Calculator";
				PRODUCT_NAME = "$(TARGET_NAME)";
				SWIFT_VERSION = 4.2;
				TARGETED_DEVICE_FAMILY = "1,2";
			};
			name = Release;
		};
/* End XCBuildConfiguration section */

/* Begin XCConfigurationList section */
		AA103FA3214AD12B002EFDAF /* Build configuration list for PBXProject "Paydown Calculator" */ = {
			isa = XCConfigurationList;
			buildConfigurations = (
				AA103FB8214AD12D002EFDAF /* Debug */,
				AA103FB9214AD12D002EFDAF /* Release */,
			);
			defaultConfigurationIsVisible = 0;
			defaultConfigurationName = Release;
		};
		AA103FBA214AD12D002EFDAF /* Build configuration list for PBXNativeTarget "Paydown Calculator" */ = {
			isa = XCConfigurationList;
			buildConfigurations = (
				AA103FBB214AD12D002EFDAF /* Debug */,
				AA103FBC214AD12D002EFDAF /* Release */,
			);
			defaultConfigurationIsVisible = 0;
			defaultConfigurationName = Release;
		};
/* End XCConfigurationList section */
	};
	rootObject = AA103FA0214AD12B002EFDAF /* Project object */;
}
